
Microsoft Visual Studio Solution File, Format Version 12.00
# Visual Studio Version 16
VisualStudioVersion = 16.0.30621.155
MinimumVisualStudioVersion = 10.0.40219.1
Project("{FAE04EC0-301F-11D3-BF4B-00C04F79EFBC}") = "FinalProject", "FinalProject\FinalProject.csproj", "{FA8CE3A3-5276-4D1F-88B4-BA2776ED9341}"
EndProject
Global
	GlobalSection(SolutionConfigurationPlatforms) = preSolution
		Debug|Any CPU = Debug|Any CPU
		Release|Any CPU = Release|Any CPU
	EndGlobalSection
	GlobalSection(ProjectConfigurationPlatforms) = postSolution
		{FA8CE3A3-5276-4D1F-88B4-BA2776ED9341}.Debug|Any CPU.ActiveCfg = Debug|Any CPU
		{FA8CE3A3-5276-4D1F-88B4-BA2776ED9341}.Debug|Any CPU.Build.0 = Debug|Any CPU
		{FA8CE3A3-5276-4D1F-88B4-BA2776ED9341}.Release|Any CPU.ActiveCfg = Release|Any CPU
		{FA8CE3A3-5276-4D1F-88B4-BA2776ED9341}.Release|Any CPU.Build.0 = Release|Any CPU
	EndGlobalSection
	GlobalSection(SolutionProperties) = preSolution
		HideSolutionNode = FALSE
	EndGlobalSection
	GlobalSection(ExtensibilityGlobals) = postSolution
		SolutionGuid = {3C54FECD-CB23-4ADE-870F-4739BB0A96A6}
	EndGlobalSection
EndGlobal
